
Microsoft Visual Studio Solution File, Format Version 12.00
# Visual Studio Version 17
VisualStudioVersion = 17.14.36518.9 d17.14
MinimumVisualStudioVersion = 10.0.40219.1
Project("{FAE04EC0-301F-11D3-BF4B-00C04F79EFBC}") = "Exploring_Variables", "Exploring_Variables\Exploring_Variables.csproj", "{DF9D8377-1047-4ED3-B9B6-AD977A786934}"
EndProject
Global
	GlobalSection(SolutionConfigurationPlatforms) = preSolution
		Debug|Any CPU = Debug|Any CPU
		Release|Any CPU = Release|Any CPU
	EndGlobalSection
	GlobalSection(ProjectConfigurationPlatforms) = postSolution
		{DF9D8377-1047-4ED3-B9B6-AD977A786934}.Debug|Any CPU.ActiveCfg = Debug|Any CPU
		{DF9D8377-1047-4ED3-B9B6-AD977A786934}.Debug|Any CPU.Build.0 = Debug|Any CPU
		{DF9D8377-1047-4ED3-B9B6-AD977A786934}.Release|Any CPU.ActiveCfg = Release|Any CPU
		{DF9D8377-1047-4ED3-B9B6-AD977A786934}.Release|Any CPU.Build.0 = Release|Any CPU
	EndGlobalSection
	GlobalSection(SolutionProperties) = preSolution
		HideSolutionNode = FALSE
	EndGlobalSection
	GlobalSection(ExtensibilityGlobals) = postSolution
		SolutionGuid = {8614FD5C-A0BA-426F-B6CF-5405D957A6F0}
	EndGlobalSection
EndGlobal
